<Solution>
  <Project Path="Assembly-CSharp.csproj" />
  <Project Path="CW.Common.csproj" />
  <Project Path="LeanCommon.csproj" />
  <Project Path="Coffee.UIParticle.csproj" />
  <Project Path="Assembly-CSharp-firstpass.csproj" />
  <Project Path="Kirurobo.UniWindowController.csproj" />
  <Project Path="Assembly-CSharp-Editor.csproj" />
  <Project Path="Kirurobo.UniWindowController.Editor.csproj" />
  <Project Path="LeanPool.csproj" />
  <Project Path="Coffee.UIParticle.Editor.csproj" />
  <Project Path="Sirenix.OdinInspector.Modules.UnityMathematics.csproj" />
</Solution>
